# This file is automatically @generated by Poetry 1.5.1 and should not be changed by hand.

[[package]]
name = "python-dotenv"
version = "1.0.0"
description = "Read key-value pairs from a .env file and set them as environment variables"
optional = false
python-versions = ">=3.8"
files = [
    {file = "python-dotenv-1.0.0.tar.gz", hash = "sha256:a8df96034aae6d2d50a4ebe8216326c61c3eb64836776504fcca410e5937a3ba"},
    {file = "python_dotenv-1.0.0-py3-none-any.whl", hash = "sha256:f5971a9226b701070a4bf2c38c89e5a3f0d64de8debda981d1db98583009122a"},
]

[package.extras]
cli = ["click (>=5.0)"]

[[package]]
name = "websocket-client"
version = "1.6.1"
description = "WebSocket client for Python with low level API options"
optional = false
python-versions = ">=3.7"
files = [
    {file = "websocket-client-1.6.1.tar.gz", hash = "sha256:c951af98631d24f8df89ab1019fc365f2227c0892f12fd150e935607c79dd0dd"},
    {file = "websocket_client-1.6.1-py3-none-any.whl", hash = "sha256:f1f9f2ad5291f0225a49efad77abf9e700b6fef553900623060dad6e26503b9d"},
]

[package.extras]
docs = ["Sphinx (>=3.4)", "sphinx-rtd-theme (>=0.5)"]
optional = ["python-socks", "wsaccel"]
test = ["websockets"]

[[package]]
name = "xtbapi"
version = "1.0a7"
description = "Api for XBT trading platform"
optional = false
python-versions = ">=3.6.0"
files = [
    {file = "XTBApi-1.0a7.tar.gz", hash = "sha256:05d3ef8a49e3ed502121cffe3ee9e01cc1beddfe01080f9a3f8cd814d14974fa"},
]

[package.dependencies]
websocket_client = "*"

[package.extras]
test = ["pytest"]

[metadata]
lock-version = "2.0"
python-versions = "3.11.3"
content-hash = "f43d5a0eaa3aebd3079b4669504114857d5c1cb3675f70e1d467f9c1856646b4"
